
Microsoft Visual Studio Solution File, Format Version 12.00
# Visual Studio Version 16
VisualStudioVersion = 16.0.29806.167
MinimumVisualStudioVersion = 10.0.40219.1
Project("{9A19103F-16F7-4668-BE54-9A1E7A4F7556}") = "DSTB3C01", "DSTB3C01\DSTB3C01.csproj", "{C94678D6-9A2F-430B-94F2-D77B572FD8F1}"
EndProject
Project("{FAE04EC0-301F-11D3-BF4B-00C04F79EFBC}") = "ClassLibrary1", "ClassLibrary1\ClassLibrary1.csproj", "{B09D5FD1-93B6-4E26-A49E-4B663FF4AFC0}"
EndProject
Global
	GlobalSection(SolutionConfigurationPlatforms) = preSolution
		Debug|Any CPU = Debug|Any CPU
		Release|Any CPU = Release|Any CPU
	EndGlobalSection
	GlobalSection(ProjectConfigurationPlatforms) = postSolution
		{C94678D6-9A2F-430B-94F2-D77B572FD8F1}.Debug|Any CPU.ActiveCfg = Debug|Any CPU
		{C94678D6-9A2F-430B-94F2-D77B572FD8F1}.Debug|Any CPU.Build.0 = Debug|Any CPU
		{C94678D6-9A2F-430B-94F2-D77B572FD8F1}.Release|Any CPU.ActiveCfg = Release|Any CPU
		{C94678D6-9A2F-430B-94F2-D77B572FD8F1}.Release|Any CPU.Build.0 = Release|Any CPU
		{B09D5FD1-93B6-4E26-A49E-4B663FF4AFC0}.Debug|Any CPU.ActiveCfg = Debug|Any CPU
		{B09D5FD1-93B6-4E26-A49E-4B663FF4AFC0}.Debug|Any CPU.Build.0 = Debug|Any CPU
		{B09D5FD1-93B6-4E26-A49E-4B663FF4AFC0}.Release|Any CPU.ActiveCfg = Release|Any CPU
		{B09D5FD1-93B6-4E26-A49E-4B663FF4AFC0}.Release|Any CPU.Build.0 = Release|Any CPU
	EndGlobalSection
	GlobalSection(SolutionProperties) = preSolution
		HideSolutionNode = FALSE
	EndGlobalSection
	GlobalSection(ExtensibilityGlobals) = postSolution
		SolutionGuid = {2C096677-6B65-431E-843D-B9DB96C1E77E}
	EndGlobalSection
EndGlobal
